{
  "name": "fake",
  "version": "1.0.0",
  "lockfileVersion": 2,
  "requires": true,
  "packages": {
    "": {
      "name": "fake",
      "version": "1.0.0",
      "license": "ISC",
      "dependencies": {
        "sse-fake-server": "^1.0.4",
        "uuid": "^9.0.1"
      }
    },
    "node_modules/sse-fake-server": {
      "version": "1.0.4",
      "resolved": "https://registry.npmjs.org/sse-fake-server/-/sse-fake-server-1.0.4.tgz",
      "integrity": "sha512-8frYtwuR39QQJGRmUNzz9hIt0XZr4uSRPFymi8JTUo4EAf2wRWoaNmrbz/EaIOJLisENhu9ZLKX4Lq/UgckP+A=="
    },
    "node_modules/uuid": {
      "version": "9.0.1",
      "resolved": "https://registry.npmjs.org/uuid/-/uuid-9.0.1.tgz",
      "integrity": "sha512-b+1eJOlsR9K8HJpow9Ok3fiWOWSIcIzXodvv0rQjVoOVNpWMpxf1wZNpt4y9h10odCNrqnYp1OBzRktckBe3sA==",
      "funding": [
        "https://github.com/sponsors/broofa",
        "https://github.com/sponsors/ctavan"
      ],
      "bin": {
        "uuid": "dist/bin/uuid"
      }
    }
  },
  "dependencies": {
    "sse-fake-server": {
      "version": "1.0.4",
      "resolved": "https://registry.npmjs.org/sse-fake-server/-/sse-fake-server-1.0.4.tgz",
      "integrity": "sha512-8frYtwuR39QQJGRmUNzz9hIt0XZr4uSRPFymi8JTUo4EAf2wRWoaNmrbz/EaIOJLisENhu9ZLKX4Lq/UgckP+A=="
    },
    "uuid": {
      "version": "9.0.1",
      "resolved": "https://registry.npmjs.org/uuid/-/uuid-9.0.1.tgz",
      "integrity": "sha512-b+1eJOlsR9K8HJpow9Ok3fiWOWSIcIzXodvv0rQjVoOVNpWMpxf1wZNpt4y9h10odCNrqnYp1OBzRktckBe3sA=="
    }
  }
}
